
Microsoft Visual Studio Solution File, Format Version 11.00
# Visual Studio 2010
Project("{8BC9CEB8-8B4A-11D0-8D11-00A0C91BC942}") = "GX 3.0 C++", "GX 3.0 C++\GX 3.0 C++.vcxproj", "{A6A27234-6146-4E10-A586-7495346BCBC7}"
EndProject
Global
	GlobalSection(SolutionConfigurationPlatforms) = preSolution
		Debug|Win32 = Debug|Win32
		Release|Win32 = Release|Win32
	EndGlobalSection
	GlobalSection(ProjectConfigurationPlatforms) = postSolution
		{A6A27234-6146-4E10-A586-7495346BCBC7}.Debug|Win32.ActiveCfg = Debug|Win32
		{A6A27234-6146-4E10-A586-7495346BCBC7}.Debug|Win32.Build.0 = Debug|Win32
		{A6A27234-6146-4E10-A586-7495346BCBC7}.Release|Win32.ActiveCfg = Release|Win32
		{A6A27234-6146-4E10-A586-7495346BCBC7}.Release|Win32.Build.0 = Release|Win32
	EndGlobalSection
	GlobalSection(SolutionProperties) = preSolution
		HideSolutionNode = FALSE
	EndGlobalSection
EndGlobal
